schema=1
application_base=d6baa08a8c5afb8bc1e8c097d86446a9143d57c6
required_module=tailscale.com
required_version=v1.103.0-pre.0.20260830144538-72780705eda8
replacement_module=github.com/chaiyalin/tailscale
replacement_version=v0.0.0-20260902082517-7d20ed5680aa
replacement_zip_sum=h1:0REUtGl7yeI6ZA5mXZkhPjfrBuzWmFVEWqHgpsQZuLI=
replacement_go_mod_sum=h1:VKD7hKqFAaDnzxUaS8vv7FAQlE4pZtpCz4mNUF9gYu8=
fork_branch=tailcat-app-webrtc-experiment
tailscale_base=72780705eda81790e839a0793a90bdea4164d3ca
upstream_pr=21030
upstream_draft_commit=230e095afe936162992e12224c6486d26368fc60
upstream_draft_patch_id=535713efce04504b996b5b3943c5108bbdc2ccc3
draft_applied_commit=06cc7d3fc46f344dc0a899fc6bd42139a6fecb2f
config_commit=0a79d89a31b60b7d0bdf7a2dd45e59491b0e89d3
config_patch_id=47c5608d9694134d1223bf2fc1b53f961261b508
fork_commit=7d20ed5680aa16a75d5ecd095bf69f7b1c86e5a7
fork_patch_id=4b65234aa15a3981be16e0e0d6ca0ef86545a100
tailcat_module=github.com/tailscale/tailcat
tailcat_version=v0.4.0
tailcat_zip_sum=h1:WA8QIBcnn+x7BBmay3mPY+EeOp14RTQr4Qv1Df1GOxU=
tailcat_go_mod_sum=h1:ehG1UYhg+wPqPe8rlpmSyt9O+IMkBoxwA819l6qnM8Y=
build_tag=tailcat_webrtc_experiment
stun_url=stun:stun.cloudflare.com:3478
turn_enabled=false
data_channel_low_water_bytes=524288
data_channel_high_water_bytes=1048576
data_channel_send_wait_seconds=10
